
Microsoft Visual Studio Solution File, Format Version 12.00
# Visual Studio Version 17
VisualStudioVersion = 17.4.33110.190
MinimumVisualStudioVersion = 10.0.40219.1
Project("{FAE04EC0-301F-11D3-BF4B-00C04F79EFBC}") = "APILIVROS", "APILIVROS\APILIVROS.csproj", "{CFB94347-BC49-4939-A996-A6E5789C0838}"
EndProject
Global
	GlobalSection(SolutionConfigurationPlatforms) = preSolution
		Debug|Any CPU = Debug|Any CPU
		Release|Any CPU = Release|Any CPU
	EndGlobalSection
	GlobalSection(ProjectConfigurationPlatforms) = postSolution
		{CFB94347-BC49-4939-A996-A6E5789C0838}.Debug|Any CPU.ActiveCfg = Debug|Any CPU
		{CFB94347-BC49-4939-A996-A6E5789C0838}.Debug|Any CPU.Build.0 = Debug|Any CPU
		{CFB94347-BC49-4939-A996-A6E5789C0838}.Release|Any CPU.ActiveCfg = Release|Any CPU
		{CFB94347-BC49-4939-A996-A6E5789C0838}.Release|Any CPU.Build.0 = Release|Any CPU
	EndGlobalSection
	GlobalSection(SolutionProperties) = preSolution
		HideSolutionNode = FALSE
	EndGlobalSection
	GlobalSection(ExtensibilityGlobals) = postSolution
		SolutionGuid = {4E29DD18-FAF7-4374-9B9A-6F37DB718430}
	EndGlobalSection
EndGlobal
